// !$*UTF8*$!
{
	archiveVersion = 1;
	classes = {
	};
	objectVersion = 48;
	objects = {

/* Begin PBXBuildFile section */
		5CD70120202D7FF300BAE837 /* AppDelegate.m in Sources */ = {isa = PBXBuildFile; fileRef = 5CD7011F202D7FF300BAE837 /* AppDelegate.m */; };
		5CD70123202D7FF300BAE837 /* ViewController.m in Sources */ = {isa = PBXBuildFile; fileRef = 5CD70122202D7FF300BAE837 /* ViewController.m */; };
		5CD70126202D7FF300BAE837 /* Main.storyboard in Resources */ = {isa = PBXBuildFile; fileRef = 5CD70124202D7FF300BAE837 /* Main.storyboard */; };
		5CD70129202D7FF300BAE837 /* UISearchControllerExample.xcdatamodeld in Sources */ = {isa = PBXBuildFile; fileRef = 5CD70127202D7FF300BAE837 /* UISearchControllerExample.xcdatamodeld */; };
		5CD7012B202D7FF300BAE837 /* Assets.xcassets in Resources */ = {isa = PBXBuildFile; fileRef = 5CD7012A202D7FF300BAE837 /* Assets.xcassets */; };
		5CD7012E202D7FF300BAE837 /* LaunchScreen.storyboard in Resources */ = {isa = PBXBuildFile; fileRef = 5CD7012C202D7FF300BAE837 /* LaunchScreen.storyboard */; };
		5CD70131202D7FF300BAE837 /* main.m in Sources */ = {isa = PBXBuildFile; fileRef = 5CD70130202D7FF300BAE837 /* main.m */; };
		5CD7013B202D7FF300BAE837 /* UISearchControllerExampleTests.m in Sources */ = {isa = PBXBuildFile; fileRef = 5CD7013A202D7FF300BAE837 /* UISearchControllerExampleTests.m */; };
		5CD70146202D7FF300BAE837 /* UISearchControllerExampleUITests.m in Sources */ = {isa = PBXBuildFile; fileRef = 5CD70145202D7FF300BAE837 /* UISearchControllerExampleUITests.m */; };
/* End PBXBuildFile section */

/* Begin PBXContainerItemProxy section */
		5CD70137202D7FF300BAE837 /* PBXContainerItemProxy */ = {
			isa = PBXContainerItemProxy;
			containerPortal = 5CD70113202D7FF300BAE837 /* Project object */;
			proxyType = 1;
			remoteGlobalIDString = 5CD7011A202D7FF300BAE837;
			remoteInfo = UISearchControllerExample;
		};
		5CD70142202D7FF300BAE837 /* PBXContainerItemProxy */ = {
			isa = PBXContainerItemProxy;
			containerPortal = 5CD70113202D7FF300BAE837 /* Project object */;
			proxyType = 1;
			remoteGlobalIDString = 5CD7011A202D7FF300BAE837;
			remoteInfo = UISearchControllerExample;
		};
/* End PBXContainerItemProxy section */

/* Begin PBXFileReference section */
		5CD7011B202D7FF300BAE837 /* UISearchControllerExample.app */ = {isa = PBXFileReference; explicitFileType = wrapper.application; includeInIndex = 0; path = UISearchControllerExample.app; sourceTree = BUILT_PRODUCTS_DIR; };
		5CD7011E202D7FF300BAE837 /* AppDelegate.h */ = {isa = PBXFileReference; lastKnownFileType = sourcecode.c.h; path = AppDelegate.h; sourceTree = "<group>"; };
		5CD7011F202D7FF300BAE837 /* AppDelegate.m */ = {isa = PBXFileReference; lastKnownFileType = sourcecode.c.objc; path = AppDelegate.m; sourceTree = "<group>"; };
		5CD70121202D7FF300BAE837 /* ViewController.h */ = {isa = PBXFileReference; lastKnownFileType = sourcecode.c.h; path = ViewController.h; sourceTree = "<group>"; };
		5CD70122202D7FF300BAE837 /* ViewController.m */ = {isa = PBXFileReference; lastKnownFileType = sourcecode.c.objc; path = ViewController.m; sourceTree = "<group>"; };
		5CD70125202D7FF300BAE837 /* Base */ = {isa = PBXFileReference; lastKnownFileType = file.storyboard; name = Base; path = Base.lproj/Main.storyboard; sourceTree = "<group>"; };
		5CD70128202D7FF300BAE837 /* UISearchControllerExample.xcdatamodel */ = {isa = PBXFileReference; lastKnownFileType = wrapper.xcdatamodel; path = UISearchControllerExample.xcdatamodel; sourceTree = "<group>"; };
		5CD7012A202D7FF300BAE837 /* Assets.xcassets */ = {isa = PBXFileReference; lastKnownFileType = folder.assetcatalog; path = Assets.xcassets; sourceTree = "<group>"; };
		5CD7012D202D7FF300BAE837 /* Base */ = {isa = PBXFileReference; lastKnownFileType = file.storyboard; name = Base; path = Base.lproj/LaunchScreen.storyboard; sourceTree = "<group>"; };
		5CD7012F202D7FF300BAE837 /* Info.plist */ = {isa = PBXFileReference; lastKnownFileType = text.plist.xml; path = Info.plist; sourceTree = "<group>"; };
		5CD70130202D7FF300BAE837 /* main.m */ = {isa = PBXFileReference; lastKnownFileType = sourcecode.c.objc; path = main.m; sourceTree = "<group>"; };
		5CD70136202D7FF300BAE837 /* UISearchControllerExampleTests.xctest */ = {isa = PBXFileReference; explicitFileType = wrapper.cfbundle; includeInIndex = 0; path = UISearchControllerExampleTests.xctest; sourceTree = BUILT_PRODUCTS_DIR; };
		5CD7013A202D7FF300BAE837 /* UISearchControllerExampleTests.m */ = {isa = PBXFileReference; lastKnownFileType = sourcecode.c.objc; path = UISearchControllerExampleTests.m; sourceTree = "<group>"; };
		5CD7013C202D7FF300BAE837 /* Info.plist */ = {isa = PBXFileReference; lastKnownFileType = text.plist.xml; path = Info.plist; sourceTree = "<group>"; };
		5CD70141202D7FF300BAE837 /* UISearchControllerExampleUITests.xctest */ = {isa = PBXFileReference; explicitFileType = wrapper.cfbundle; includeInIndex = 0; path = UISearchControllerExampleUITests.xctest; sourceTree = BUILT_PRODUCTS_DIR; };
		5CD70145202D7FF300BAE837 /* UISearchControllerExampleUITests.m */ = {isa = PBXFileReference; lastKnownFileType = sourcecode.c.objc; path = UISearchControllerExampleUITests.m; sourceTree = "<group>"; };
		5CD70147202D7FF300BAE837 /* Info.plist */ = {isa = PBXFileReference; lastKnownFileType = text.plist.xml; path = Info.plist; sourceTree = "<group>"; };
/* End PBXFileReference section */

/* Begin PBXFrameworksBuildPhase section */
		5CD70118202D7FF300BAE837 /* Frameworks */ = {
			isa = PBXFrameworksBuildPhase;
			buildActionMask = 2147483647;
			files = (
			);
			runOnlyForDeploymentPostprocessing = 0;
		};
		5CD70133202D7FF300BAE837 /* Frameworks */ = {
			isa = PBXFrameworksBuildPhase;
			buildActionMask = 2147483647;
			files = (
			);
			runOnlyForDeploymentPostprocessing = 0;
		};
		5CD7013E202D7FF300BAE837 /* Frameworks */ = {
			isa = PBXFrameworksBuildPhase;
			buildActionMask = 2147483647;
			files = (
			);
			runOnlyForDeploymentPostprocessing = 0;
		};
/* End PBXFrameworksBuildPhase section */

/* Begin PBXGroup section */
		5CD70112202D7FF300BAE837 = {
			isa = PBXGroup;
			children = (
				5CD7011D202D7FF300BAE837 /* UISearchControllerExample */,
				5CD70139202D7FF300BAE837 /* UISearchControllerExampleTests */,
				5CD70144202D7FF300BAE837 /* UISearchControllerExampleUITests */,
				5CD7011C202D7FF300BAE837 /* Products */,
			);
			sourceTree = "<group>";
		};
		5CD7011C202D7FF300BAE837 /* Products */ = {
			isa = PBXGroup;
			children = (
				5CD7011B202D7FF300BAE837 /* UISearchControllerExample.app */,
				5CD70136202D7FF300BAE837 /* UISearchControllerExampleTests.xctest */,
				5CD70141202D7FF300BAE837 /* UISearchControllerExampleUITests.xctest */,
			);
			name = Products;
			sourceTree = "<group>";
		};
		5CD7011D202D7FF300BAE837 /* UISearchControllerExample */ = {
			isa = PBXGroup;
			children = (
				5CD7011E202D7FF300BAE837 /* AppDelegate.h */,
				5CD7011F202D7FF300BAE837 /* AppDelegate.m */,
				5CD70121202D7FF300BAE837 /* ViewController.h */,
				5CD70122202D7FF300BAE837 /* ViewController.m */,
				5CD70124202D7FF300BAE837 /* Main.storyboard */,
				5CD7012A202D7FF300BAE837 /* Assets.xcassets */,
				5CD7012C202D7FF300BAE837 /* LaunchScreen.storyboard */,
				5CD7012F202D7FF300BAE837 /* Info.plist */,
				5CD70130202D7FF300BAE837 /* main.m */,
				5CD70127202D7FF300BAE837 /* UISearchControllerExample.xcdatamodeld */,
			);
			path = UISearchControllerExample;
			sourceTree = "<group>";
		};
		5CD70139202D7FF300BAE837 /* UISearchControllerExampleTests */ = {
			isa = PBXGroup;
			children = (
				5CD7013A202D7FF300BAE837 /* UISearchControllerExampleTests.m */,
				5CD7013C202D7FF300BAE837 /* Info.plist */,
			);
			path = UISearchControllerExampleTests;
			sourceTree = "<group>";
		};
		5CD70144202D7FF300BAE837 /* UISearchControllerExampleUITests */ = {
			isa = PBXGroup;
			children = (
				5CD70145202D7FF300BAE837 /* UISearchControllerExampleUITests.m */,
				5CD70147202D7FF300BAE837 /* Info.plist */,
			);
			path = UISearchControllerExampleUITests;
			sourceTree = "<group>";
		};
/* End PBXGroup section */

/* Begin PBXNativeTarget section */
		5CD7011A202D7FF300BAE837 /* UISearchControllerExample */ = {
			isa = PBXNativeTarget;
			buildConfigurationList = 5CD7014A202D7FF300BAE837 /* Build configuration list for PBXNativeTarget "UISearchControllerExample" */;
			buildPhases = (
				5CD70117202D7FF300BAE837 /* Sources */,
				5CD70118202D7FF300BAE837 /* Frameworks */,
				5CD70119202D7FF300BAE837 /* Resources */,
			);
			buildRules = (
			);
			dependencies = (
			);
			name = UISearchControllerExample;
			productName = UISearchControllerExample;
			productReference = 5CD7011B202D7FF300BAE837 /* UISearchControllerExample.app */;
			productType = "com.apple.product-type.application";
		};
		5CD70135202D7FF300BAE837 /* UISearchControllerExampleTests */ = {
			isa = PBXNativeTarget;
			buildConfigurationList = 5CD7014D202D7FF300BAE837 /* Build configuration list for PBXNativeTarget "UISearchControllerExampleTests" */;
			buildPhases = (
				5CD70132202D7FF300BAE837 /* Sources */,
				5CD70133202D7FF300BAE837 /* Frameworks */,
				5CD70134202D7FF300BAE837 /* Resources */,
			);
			buildRules = (
			);
			dependencies = (
				5CD70138202D7FF300BAE837 /* PBXTargetDependency */,
			);
			name = UISearchControllerExampleTests;
			productName = UISearchControllerExampleTests;
			productReference = 5CD70136202D7FF300BAE837 /* UISearchControllerExampleTests.xctest */;
			productType = "com.apple.product-type.bundle.unit-test";
		};
		5CD70140202D7FF300BAE837 /* UISearchControllerExampleUITests */ = {
			isa = PBXNativeTarget;
			buildConfigurationList = 5CD70150202D7FF300BAE837 /* Build configuration list for PBXNativeTarget "UISearchControllerExampleUITests" */;
			buildPhases = (
				5CD7013D202D7FF300BAE837 /* Sources */,
				5CD7013E202D7FF300BAE837 /* Frameworks */,
				5CD7013F202D7FF300BAE837 /* Resources */,
			);
			buildRules = (
			);
			dependencies = (
				5CD70143202D7FF300BAE837 /* PBXTargetDependency */,
			);
			name = UISearchControllerExampleUITests;
			productName = UISearchControllerExampleUITests;
			productReference = 5CD70141202D7FF300BAE837 /* UISearchControllerExampleUITests.xctest */;
			productType = "com.apple.product-type.bundle.ui-testing";
		};
/* End PBXNativeTarget section */

/* Begin PBXProject section */
		5CD70113202D7FF300BAE837 /* Project object */ = {
			isa = PBXProject;
			attributes = {
				LastUpgradeCheck = 0920;
				ORGANIZATIONNAME = edcan;
				TargetAttributes = {
					5CD7011A202D7FF300BAE837 = {
						CreatedOnToolsVersion = 9.2;
						ProvisioningStyle = Automatic;
					};
					5CD70135202D7FF300BAE837 = {
						CreatedOnToolsVersion = 9.2;
						ProvisioningStyle = Automatic;
						TestTargetID = 5CD7011A202D7FF300BAE837;
					};
					5CD70140202D7FF300BAE837 = {
						CreatedOnToolsVersion = 9.2;
						ProvisioningStyle = Automatic;
						TestTargetID = 5CD7011A202D7FF300BAE837;
					};
				};
			};
			buildConfigurationList = 5CD70116202D7FF300BAE837 /* Build configuration list for PBXProject "UISearchControllerExample" */;
			compatibilityVersion = "Xcode 8.0";
			developmentRegion = en;
			hasScannedForEncodings = 0;
			knownRegions = (
				en,
				Base,
			);
			mainGroup = 5CD70112202D7FF300BAE837;
			productRefGroup = 5CD7011C202D7FF300BAE837 /* Products */;
			projectDirPath = "";
			projectRoot = "";
			targets = (
				5CD7011A202D7FF300BAE837 /* UISearchControllerExample */,
				5CD70135202D7FF300BAE837 /* UISearchControllerExampleTests */,
				5CD70140202D7FF300BAE837 /* UISearchControllerExampleUITests */,
			);
		};
/* End PBXProject section */

/* Begin PBXResourcesBuildPhase section */
		5CD70119202D7FF300BAE837 /* Resources */ = {
			isa = PBXResourcesBuildPhase;
			buildActionMask = 2147483647;
			files = (
				5CD7012E202D7FF300BAE837 /* LaunchScreen.storyboard in Resources */,
				5CD7012B202D7FF300BAE837 /* Assets.xcassets in Resources */,
				5CD70126202D7FF300BAE837 /* Main.storyboard in Resources */,
			);
			runOnlyForDeploymentPostprocessing = 0;
		};
		5CD70134202D7FF300BAE837 /* Resources */ = {
			isa = PBXResourcesBuildPhase;
			buildActionMask = 2147483647;
			files = (
			);
			runOnlyForDeploymentPostprocessing = 0;
		};
		5CD7013F202D7FF300BAE837 /* Resources */ = {
			isa = PBXResourcesBuildPhase;
			buildActionMask = 2147483647;
			files = (
			);
			runOnlyForDeploymentPostprocessing = 0;
		};
/* End PBXResourcesBuildPhase section */

/* Begin PBXSourcesBuildPhase section */
		5CD70117202D7FF300BAE837 /* Sources */ = {
			isa = PBXSourcesBuildPhase;
			buildActionMask = 2147483647;
			files = (
				5CD70123202D7FF300BAE837 /* ViewController.m in Sources */,
				5CD70120202D7FF300BAE837 /* AppDelegate.m in Sources */,
				5CD70131202D7FF300BAE837 /* main.m in Sources */,
				5CD70129202D7FF300BAE837 /* UISearchControllerExample.xcdatamodeld in Sources */,
			);
			runOnlyForDeploymentPostprocessing = 0;
		};
		5CD70132202D7FF300BAE837 /* Sources */ = {
			isa = PBXSourcesBuildPhase;
			buildActionMask = 2147483647;
			files = (
				5CD7013B202D7FF300BAE837 /* UISearchControllerExampleTests.m in Sources */,
			);
			runOnlyForDeploymentPostprocessing = 0;
		};
		5CD7013D202D7FF300BAE837 /* Sources */ = {
			isa = PBXSourcesBuildPhase;
			buildActionMask = 2147483647;
			files = (
				5CD70146202D7FF300BAE837 /* UISearchControllerExampleUITests.m in Sources */,
			);
			runOnlyForDeploymentPostprocessing = 0;
		};
/* End PBXSourcesBuildPhase section */

/* Begin PBXTargetDependency section */
		5CD70138202D7FF300BAE837 /* PBXTargetDependency */ = {
			isa = PBXTargetDependency;
			target = 5CD7011A202D7FF300BAE837 /* UISearchControllerExample */;
			targetProxy = 5CD70137202D7FF300BAE837 /* PBXContainerItemProxy */;
		};
		5CD70143202D7FF300BAE837 /* PBXTargetDependency */ = {
			isa = PBXTargetDependency;
			target = 5CD7011A202D7FF300BAE837 /* UISearchControllerExample */;
			targetProxy = 5CD70142202D7FF300BAE837 /* PBXContainerItemProxy */;
		};
/* End PBXTargetDependency section */

/* Begin PBXVariantGroup section */
		5CD70124202D7FF300BAE837 /* Main.storyboard */ = {
			isa = PBXVariantGroup;
			children = (
				5CD70125202D7FF300BAE837 /* Base */,
			);
			name = Main.storyboard;
			sourceTree = "<group>";
		};
		5CD7012C202D7FF300BAE837 /* LaunchScreen.storyboard */ = {
			isa = PBXVariantGroup;
			children = (
				5CD7012D202D7FF300BAE837 /* Base */,
			);
			name = LaunchScreen.storyboard;
			sourceTree = "<group>";
		};
/* End PBXVariantGroup section */

/* Begin XCBuildConfiguration section */
		5CD70148202D7FF300BAE837 /* Debug */ = {
			isa = XCBuildConfiguration;
			buildSettings = {
				ALWAYS_SEARCH_USER_PATHS = NO;
				CLANG_ANALYZER_NONNULL = YES;
				CLANG_ANALYZER_NUMBER_OBJECT_CONVERSION = YES_AGGRESSIVE;
				CLANG_CXX_LANGUAGE_STANDARD = "gnu++14";
				CLANG_CXX_LIBRARY = "libc++";
				CLANG_ENABLE_MODULES = YES;
				CLANG_ENABLE_OBJC_ARC = YES;
				CLANG_WARN_BLOCK_CAPTURE_AUTORELEASING = YES;
				CLANG_WARN_BOOL_CONVERSION = YES;
				CLANG_WARN_COMMA = YES;
				CLANG_WARN_CONSTANT_CONVERSION = YES;
				CLANG_WARN_DIRECT_OBJC_ISA_USAGE = YES_ERROR;
				CLANG_WARN_DOCUMENTATION_COMMENTS = YES;
				CLANG_WARN_EMPTY_BODY = YES;
				CLANG_WARN_ENUM_CONVERSION = YES;
				CLANG_WARN_INFINITE_RECURSION = YES;
				CLANG_WARN_INT_CONVERSION = YES;
				CLANG_WARN_NON_LITERAL_NULL_CONVERSION = YES;
				CLANG_WARN_OBJC_LITERAL_CONVERSION = YES;
				CLANG_WARN_OBJC_ROOT_CLASS = YES_ERROR;
				CLANG_WARN_RANGE_LOOP_ANALYSIS = YES;
				CLANG_WARN_STRICT_PROTOTYPES = YES;
				CLANG_WARN_SUSPICIOUS_MOVE = YES;
				CLANG_WARN_UNGUARDED_AVAILABILITY = YES_AGGRESSIVE;
				CLANG_WARN_UNREACHABLE_CODE = YES;
				CLANG_WARN__DUPLICATE_METHOD_MATCH = YES;
				CODE_SIGN_IDENTITY = "iPhone Developer";
				COPY_PHASE_STRIP = NO;
				DEBUG_INFORMATION_FORMAT = dwarf;
				ENABLE_STRICT_OBJC_MSGSEND = YES;
				ENABLE_TESTABILITY = YES;
				GCC_C_LANGUAGE_STANDARD = gnu11;
				GCC_DYNAMIC_NO_PIC = NO;
				GCC_NO_COMMON_BLOCKS = YES;
				GCC_OPTIMIZATION_LEVEL = 0;
				GCC_PREPROCESSOR_DEFINITIONS = (
					"DEBUG=1",
					"$(inherited)",
				);
				GCC_WARN_64_TO_32_BIT_CONVERSION = YES;
				GCC_WARN_ABOUT_RETURN_TYPE = YES_ERROR;
				GCC_WARN_UNDECLARED_SELECTOR = YES;
				GCC_WARN_UNINITIALIZED_AUTOS = YES_AGGRESSIVE;
				GCC_WARN_UNUSED_FUNCTION = YES;
				GCC_WARN_UNUSED_VARIABLE = YES;
				IPHONEOS_DEPLOYMENT_TARGET = 11.2;
				MTL_ENABLE_DEBUG_INFO = YES;
				ONLY_ACTIVE_ARCH = YES;
				SDKROOT = iphoneos;
			};
			name = Debug;
		};
		5CD70149202D7FF300BAE837 /* Release */ = {
			isa = XCBuildConfiguration;
			buildSettings = {
				ALWAYS_SEARCH_USER_PATHS = NO;
				CLANG_ANALYZER_NONNULL = YES;
				CLANG_ANALYZER_NUMBER_OBJECT_CONVERSION = YES_AGGRESSIVE;
				CLANG_CXX_LANGUAGE_STANDARD = "gnu++14";
				CLANG_CXX_LIBRARY = "libc++";
				CLANG_ENABLE_MODULES = YES;
				CLANG_ENABLE_OBJC_ARC = YES;
				CLANG_WARN_BLOCK_CAPTURE_AUTORELEASING = YES;
				CLANG_WARN_BOOL_CONVERSION = YES;
				CLANG_WARN_COMMA = YES;
				CLANG_WARN_CONSTANT_CONVERSION = YES;
				CLANG_WARN_DIRECT_OBJC_ISA_USAGE = YES_ERROR;
				CLANG_WARN_DOCUMENTATION_COMMENTS = YES;
				CLANG_WARN_EMPTY_BODY = YES;
				CLANG_WARN_ENUM_CONVERSION = YES;
				CLANG_WARN_INFINITE_RECURSION = YES;
				CLANG_WARN_INT_CONVERSION = YES;
				CLANG_WARN_NON_LITERAL_NULL_CONVERSION = YES;
				CLANG_WARN_OBJC_LITERAL_CONVERSION = YES;
				CLANG_WARN_OBJC_ROOT_CLASS = YES_ERROR;
				CLANG_WARN_RANGE_LOOP_ANALYSIS = YES;
				CLANG_WARN_STRICT_PROTOTYPES = YES;
				CLANG_WARN_SUSPICIOUS_MOVE = YES;
				CLANG_WARN_UNGUARDED_AVAILABILITY = YES_AGGRESSIVE;
				CLANG_WARN_UNREACHABLE_CODE = YES;
				CLANG_WARN__DUPLICATE_METHOD_MATCH = YES;
				CODE_SIGN_IDENTITY = "iPhone Developer";
				COPY_PHASE_STRIP = NO;
				DEBUG_INFORMATION_FORMAT = "dwarf-with-dsym";
				ENABLE_NS_ASSERTIONS = NO;
				ENABLE_STRICT_OBJC_MSGSEND = YES;
				GCC_C_LANGUAGE_STANDARD = gnu11;
				GCC_NO_COMMON_BLOCKS = YES;
				GCC_WARN_64_TO_32_BIT_CONVERSION = YES;
				GCC_WARN_ABOUT_RETURN_TYPE = YES_ERROR;
				GCC_WARN_UNDECLARED_SELECTOR = YES;
				GCC_WARN_UNINITIALIZED_AUTOS = YES_AGGRESSIVE;
				GCC_WARN_UNUSED_FUNCTION = YES;
				GCC_WARN_UNUSED_VARIABLE = YES;
				IPHONEOS_DEPLOYMENT_TARGET = 11.2;
				MTL_ENABLE_DEBUG_INFO = NO;
				SDKROOT = iphoneos;
				VALIDATE_PRODUCT = YES;
			};
			name = Release;
		};
		5CD7014B202D7FF300BAE837 /* Debug */ = {
			isa = XCBuildConfiguration;
			buildSettings = {
				ASSETCATALOG_COMPILER_APPICON_NAME = AppIcon;
				CODE_SIGN_STYLE = Automatic;
				DEVELOPMENT_TEAM = V7TY326AB2;
				INFOPLIST_FILE = UISearchControllerExample/Info.plist;
				LD_RUNPATH_SEARCH_PATHS = "$(inherited) @executable_path/Frameworks";
				PRODUCT_BUNDLE_IDENTIFIER = kr.edcan.UISearchControllerExample;
				PRODUCT_NAME = "$(TARGET_NAME)";
				TARGETED_DEVICE_FAMILY = "1,2";
			};
			name = Debug;
		};
		5CD7014C202D7FF300BAE837 /* Release */ = {
			isa = XCBuildConfiguration;
			buildSettings = {
				ASSETCATALOG_COMPILER_APPICON_NAME = AppIcon;
				CODE_SIGN_STYLE = Automatic;
				DEVELOPMENT_TEAM = V7TY326AB2;
				INFOPLIST_FILE = UISearchControllerExample/Info.plist;
				LD_RUNPATH_SEARCH_PATHS = "$(inherited) @executable_path/Frameworks";
				PRODUCT_BUNDLE_IDENTIFIER = kr.edcan.UISearchControllerExample;
				PRODUCT_NAME = "$(TARGET_NAME)";
				TARGETED_DEVICE_FAMILY = "1,2";
			};
			name = Release;
		};
		5CD7014E202D7FF300BAE837 /* Debug */ = {
			isa = XCBuildConfiguration;
			buildSettings = {
				BUNDLE_LOADER = "$(TEST_HOST)";
				CODE_SIGN_STYLE = Automatic;
				DEVELOPMENT_TEAM = V7TY326AB2;
				INFOPLIST_FILE = UISearchControllerExampleTests/Info.plist;
				LD_RUNPATH_SEARCH_PATHS = "$(inherited) @executable_path/Frameworks @loader_path/Frameworks";
				PRODUCT_BUNDLE_IDENTIFIER = kr.edcan.UISearchControllerExampleTests;
				PRODUCT_NAME = "$(TARGET_NAME)";
				TARGETED_DEVICE_FAMILY = "1,2";
				TEST_HOST = "$(BUILT_PRODUCTS_DIR)/UISearchControllerExample.app/UISearchControllerExample";
			};
			name = Debug;
		};
		5CD7014F202D7FF300BAE837 /* Release */ = {
			isa = XCBuildConfiguration;
			buildSettings = {
				BUNDLE_LOADER = "$(TEST_HOST)";
				CODE_SIGN_STYLE = Automatic;
				DEVELOPMENT_TEAM = V7TY326AB2;
				INFOPLIST_FILE = UISearchControllerExampleTests/Info.plist;
				LD_RUNPATH_SEARCH_PATHS = "$(inherited) @executable_path/Frameworks @loader_path/Frameworks";
				PRODUCT_BUNDLE_IDENTIFIER = kr.edcan.UISearchControllerExampleTests;
				PRODUCT_NAME = "$(TARGET_NAME)";
				TARGETED_DEVICE_FAMILY = "1,2";
				TEST_HOST = "$(BUILT_PRODUCTS_DIR)/UISearchControllerExample.app/UISearchControllerExample";
			};
			name = Release;
		};
		5CD70151202D7FF300BAE837 /* Debug */ = {
			isa = XCBuildConfiguration;
			buildSettings = {
				CODE_SIGN_STYLE = Automatic;
				DEVELOPMENT_TEAM = V7TY326AB2;
				INFOPLIST_FILE = UISearchControllerExampleUITests/Info.plist;
				LD_RUNPATH_SEARCH_PATHS = "$(inherited) @executable_path/Frameworks @loader_path/Frameworks";
				PRODUCT_BUNDLE_IDENTIFIER = kr.edcan.UISearchControllerExampleUITests;
				PRODUCT_NAME = "$(TARGET_NAME)";
				TARGETED_DEVICE_FAMILY = "1,2";
				TEST_TARGET_NAME = UISearchControllerExample;
			};
			name = Debug;
		};
		5CD70152202D7FF300BAE837 /* Release */ = {
			isa = XCBuildConfiguration;
			buildSettings = {
				CODE_SIGN_STYLE = Automatic;
				DEVELOPMENT_TEAM = V7TY326AB2;
				INFOPLIST_FILE = UISearchControllerExampleUITests/Info.plist;
				LD_RUNPATH_SEARCH_PATHS = "$(inherited) @executable_path/Frameworks @loader_path/Frameworks";
				PRODUCT_BUNDLE_IDENTIFIER = kr.edcan.UISearchControllerExampleUITests;
				PRODUCT_NAME = "$(TARGET_NAME)";
				TARGETED_DEVICE_FAMILY = "1,2";
				TEST_TARGET_NAME = UISearchControllerExample;
			};
			name = Release;
		};
/* End XCBuildConfiguration section */

/* Begin XCConfigurationList section */
		5CD70116202D7FF300BAE837 /* Build configuration list for PBXProject "UISearchControllerExample" */ = {
			isa = XCConfigurationList;
			buildConfigurations = (
				5CD70148202D7FF300BAE837 /* Debug */,
				5CD70149202D7FF300BAE837 /* Release */,
			);
			defaultConfigurationIsVisible = 0;
			defaultConfigurationName = Release;
		};
		5CD7014A202D7FF300BAE837 /* Build configuration list for PBXNativeTarget "UISearchControllerExample" */ = {
			isa = XCConfigurationList;
			buildConfigurations = (
				5CD7014B202D7FF300BAE837 /* Debug */,
				5CD7014C202D7FF300BAE837 /* Release */,
			);
			defaultConfigurationIsVisible = 0;
			defaultConfigurationName = Release;
		};
		5CD7014D202D7FF300BAE837 /* Build configuration list for PBXNativeTarget "UISearchControllerExampleTests" */ = {
			isa = XCConfigurationList;
			buildConfigurations = (
				5CD7014E202D7FF300BAE837 /* Debug */,
				5CD7014F202D7FF300BAE837 /* Release */,
			);
			defaultConfigurationIsVisible = 0;
			defaultConfigurationName = Release;
		};
		5CD70150202D7FF300BAE837 /* Build configuration list for PBXNativeTarget "UISearchControllerExampleUITests" */ = {
			isa = XCConfigurationList;
			buildConfigurations = (
				5CD70151202D7FF300BAE837 /* Debug */,
				5CD70152202D7FF300BAE837 /* Release */,
			);
			defaultConfigurationIsVisible = 0;
			defaultConfigurationName = Release;
		};
/* End XCConfigurationList section */

/* Begin XCVersionGroup section */
		5CD70127202D7FF300BAE837 /* UISearchControllerExample.xcdatamodeld */ = {
			isa = XCVersionGroup;
			children = (
				5CD70128202D7FF300BAE837 /* UISearchControllerExample.xcdatamodel */,
			);
			currentVersion = 5CD70128202D7FF300BAE837 /* UISearchControllerExample.xcdatamodel */;
			path = UISearchControllerExample.xcdatamodeld;
			sourceTree = "<group>";
			versionGroupType = wrapper.xcdatamodel;
		};
/* End XCVersionGroup section */
	};
	rootObject = 5CD70113202D7FF300BAE837 /* Project object */;
}
